
Microsoft Visual Studio Solution File, Format Version 12.00
# Visual Studio Version 17
VisualStudioVersion = 17.9.34622.214
MinimumVisualStudioVersion = 10.0.40219.1
Project("{FAE04EC0-301F-11D3-BF4B-00C04F79EFBC}") = "Challenge", "Challenge.csproj", "{58FA13B4-04AF-474F-AF5E-F05925EBCAFA}"
EndProject
Global
	GlobalSection(SolutionConfigurationPlatforms) = preSolution
		Debug|Any CPU = Debug|Any CPU
		Release|Any CPU = Release|Any CPU
	EndGlobalSection
	GlobalSection(ProjectConfigurationPlatforms) = postSolution
		{58FA13B4-04AF-474F-AF5E-F05925EBCAFA}.Debug|Any CPU.ActiveCfg = Debug|Any CPU
		{58FA13B4-04AF-474F-AF5E-F05925EBCAFA}.Debug|Any CPU.Build.0 = Debug|Any CPU
		{58FA13B4-04AF-474F-AF5E-F05925EBCAFA}.Release|Any CPU.ActiveCfg = Release|Any CPU
		{58FA13B4-04AF-474F-AF5E-F05925EBCAFA}.Release|Any CPU.Build.0 = Release|Any CPU
	EndGlobalSection
	GlobalSection(SolutionProperties) = preSolution
		HideSolutionNode = FALSE
	EndGlobalSection
	GlobalSection(ExtensibilityGlobals) = postSolution
		SolutionGuid = {6E253372-B38A-4F20-B8BF-1F74F0F9982C}
	EndGlobalSection
EndGlobal
